{
  "name": "api_project",
  "version": "1.0.0",
  "lockfileVersion": 2,
  "requires": true,
  "packages": {
    "": {
      "name": "api_project",
      "version": "1.0.0",
      "license": "ISC",
      "dependencies": {
        "@coingecko/cryptoformat": "^0.5.4"
      },
      "devDependencies": {}
    },
    "node_modules/@coingecko/cryptoformat": {
      "version": "0.5.4",
      "resolved": "https://registry.npmjs.org/@coingecko/cryptoformat/-/cryptoformat-0.5.4.tgz",
      "integrity": "sha512-qAHbG/TjKbyPE0hRCeET1+8qBs4dtpXVyXDeSj0xhENLPBFW9tNTY2OOYr9Fw5fAylHJkCdhdn7Htk18ZSyxFw==",
      "engines": {
        "node": ">=10"
      }
    }
  },
  "dependencies": {
    "@coingecko/cryptoformat": {
      "version": "0.5.4",
      "resolved": "https://registry.npmjs.org/@coingecko/cryptoformat/-/cryptoformat-0.5.4.tgz",
      "integrity": "sha512-qAHbG/TjKbyPE0hRCeET1+8qBs4dtpXVyXDeSj0xhENLPBFW9tNTY2OOYr9Fw5fAylHJkCdhdn7Htk18ZSyxFw=="
    }
  }
}
